
Microsoft Visual Studio Solution File, Format Version 12.00
# Visual Studio Version 17
VisualStudioVersion = 17.9.34723.18
MinimumVisualStudioVersion = 10.0.40219.1
Project("{FAE04EC0-301F-11D3-BF4B-00C04F79EFBC}") = "fnDataStorage", "fnDataStorage\fnDataStorage.csproj", "{FBCC8753-F12D-4272-A510-B7483FAA215C}"
EndProject
Project("{FAE04EC0-301F-11D3-BF4B-00C04F79EFBC}") = "fnPostDataStorage", "fnPostDataStorage\fnPostDataStorage.csproj", "{A4BA651C-8FB0-4FDA-B954-5C12E03027EC}"
EndProject
Global
	GlobalSection(SolutionConfigurationPlatforms) = preSolution
		Debug|Any CPU = Debug|Any CPU
		Release|Any CPU = Release|Any CPU
	EndGlobalSection
	GlobalSection(ProjectConfigurationPlatforms) = postSolution
		{FBCC8753-F12D-4272-A510-B7483FAA215C}.Debug|Any CPU.ActiveCfg = Debug|Any CPU
		{FBCC8753-F12D-4272-A510-B7483FAA215C}.Debug|Any CPU.Build.0 = Debug|Any CPU
		{FBCC8753-F12D-4272-A510-B7483FAA215C}.Release|Any CPU.ActiveCfg = Release|Any CPU
		{FBCC8753-F12D-4272-A510-B7483FAA215C}.Release|Any CPU.Build.0 = Release|Any CPU
		{A4BA651C-8FB0-4FDA-B954-5C12E03027EC}.Debug|Any CPU.ActiveCfg = Debug|Any CPU
		{A4BA651C-8FB0-4FDA-B954-5C12E03027EC}.Debug|Any CPU.Build.0 = Debug|Any CPU
		{A4BA651C-8FB0-4FDA-B954-5C12E03027EC}.Release|Any CPU.ActiveCfg = Release|Any CPU
		{A4BA651C-8FB0-4FDA-B954-5C12E03027EC}.Release|Any CPU.Build.0 = Release|Any CPU
	EndGlobalSection
	GlobalSection(SolutionProperties) = preSolution
		HideSolutionNode = FALSE
	EndGlobalSection
	GlobalSection(ExtensibilityGlobals) = postSolution
		SolutionGuid = {A97ECECF-5FEE-48D0-AA81-177DAB9E0855}
	EndGlobalSection
EndGlobal
